
Microsoft Visual Studio Solution File, Format Version 12.00
# Visual Studio Version 17
VisualStudioVersion = 17.5.002.0
MinimumVisualStudioVersion = 10.0.40219.1
Project("{9A19103F-16F7-4668-BE54-9A1E7A4F7556}") = "ToDoWebApi", "ToDoWebApi.csproj", "{4965F417-0658-41D3-B81C-6D612C5E6D54}"
EndProject
Global
	GlobalSection(SolutionConfigurationPlatforms) = preSolution
		Debug|Any CPU = Debug|Any CPU
		Release|Any CPU = Release|Any CPU
	EndGlobalSection
	GlobalSection(ProjectConfigurationPlatforms) = postSolution
		{4965F417-0658-41D3-B81C-6D612C5E6D54}.Debug|Any CPU.ActiveCfg = Debug|Any CPU
		{4965F417-0658-41D3-B81C-6D612C5E6D54}.Debug|Any CPU.Build.0 = Debug|Any CPU
		{4965F417-0658-41D3-B81C-6D612C5E6D54}.Release|Any CPU.ActiveCfg = Release|Any CPU
		{4965F417-0658-41D3-B81C-6D612C5E6D54}.Release|Any CPU.Build.0 = Release|Any CPU
	EndGlobalSection
	GlobalSection(SolutionProperties) = preSolution
		HideSolutionNode = FALSE
	EndGlobalSection
	GlobalSection(ExtensibilityGlobals) = postSolution
		SolutionGuid = {5712BC1E-A6E5-4A61-940A-2ADED259FED8}
	EndGlobalSection
EndGlobal
